
Microsoft Visual Studio Solution File, Format Version 12.00
# Visual Studio 15
VisualStudioVersion = 15.0.26124.0
MinimumVisualStudioVersion = 15.0.26124.0
Project("{F2A71F9B-5D33-465A-A702-920D77279786}") = "Fabulous.Core", "src\Fabulous.Core\Fabulous.Core.fsproj", "{E1098F9E-5106-4869-9667-0A5A2BA31119}"
EndProject
Project("{2150E333-8FDC-42A3-9474-1A3956D46DE8}") = "Fabulous.XamarinForms", "Fabulous.XamarinForms", "{715E9D19-3204-4DE6-BE17-FB3FA661A50D}"
EndProject
Project("{F2A71F9B-5D33-465A-A702-920D77279786}") = "Fabulous.XamarinForms", "Fabulous.XamarinForms\src\Fabulous.XamarinForms\Fabulous.XamarinForms.fsproj", "{D9F36D30-9067-4D11-AFC8-0EEAB3CADF52}"
EndProject
Project("{2150E333-8FDC-42A3-9474-1A3956D46DE8}") = "samples", "samples", "{5F4573B6-3F7A-45D4-8883-A00B62D8FBCE}"
EndProject
Project("{2150E333-8FDC-42A3-9474-1A3956D46DE8}") = "CounterApp", "CounterApp", "{03CF77DA-1EB9-4FCA-980F-89C73C9F9CD8}"
EndProject
Project("{F2A71F9B-5D33-465A-A702-920D77279786}") = "CounterApp", "Fabulous.XamarinForms\samples\CounterApp\CounterApp\CounterApp.fsproj", "{2042E8E1-E6A0-47A7-9A9A-495E88E8F452}"
EndProject
Global
	GlobalSection(SolutionConfigurationPlatforms) = preSolution
		Debug|Any CPU = Debug|Any CPU
		Debug|x64 = Debug|x64
		Debug|x86 = Debug|x86
		Release|Any CPU = Release|Any CPU
		Release|x64 = Release|x64
		Release|x86 = Release|x86
	EndGlobalSection
	GlobalSection(SolutionProperties) = preSolution
		HideSolutionNode = FALSE
	EndGlobalSection
	GlobalSection(ProjectConfigurationPlatforms) = postSolution
		{E1098F9E-5106-4869-9667-0A5A2BA31119}.Debug|Any CPU.ActiveCfg = Debug|Any CPU
		{E1098F9E-5106-4869-9667-0A5A2BA31119}.Debug|Any CPU.Build.0 = Debug|Any CPU
		{E1098F9E-5106-4869-9667-0A5A2BA31119}.Debug|x64.ActiveCfg = Debug|Any CPU
		{E1098F9E-5106-4869-9667-0A5A2BA31119}.Debug|x64.Build.0 = Debug|Any CPU
		{E1098F9E-5106-4869-9667-0A5A2BA31119}.Debug|x86.ActiveCfg = Debug|Any CPU
		{E1098F9E-5106-4869-9667-0A5A2BA31119}.Debug|x86.Build.0 = Debug|Any CPU
		{E1098F9E-5106-4869-9667-0A5A2BA31119}.Release|Any CPU.ActiveCfg = Release|Any CPU
		{E1098F9E-5106-4869-9667-0A5A2BA31119}.Release|Any CPU.Build.0 = Release|Any CPU
		{E1098F9E-5106-4869-9667-0A5A2BA31119}.Release|x64.ActiveCfg = Release|Any CPU
		{E1098F9E-5106-4869-9667-0A5A2BA31119}.Release|x64.Build.0 = Release|Any CPU
		{E1098F9E-5106-4869-9667-0A5A2BA31119}.Release|x86.ActiveCfg = Release|Any CPU
		{E1098F9E-5106-4869-9667-0A5A2BA31119}.Release|x86.Build.0 = Release|Any CPU
		{D9F36D30-9067-4D11-AFC8-0EEAB3CADF52}.Debug|Any CPU.ActiveCfg = Debug|Any CPU
		{D9F36D30-9067-4D11-AFC8-0EEAB3CADF52}.Debug|Any CPU.Build.0 = Debug|Any CPU
		{D9F36D30-9067-4D11-AFC8-0EEAB3CADF52}.Debug|x64.ActiveCfg = Debug|Any CPU
		{D9F36D30-9067-4D11-AFC8-0EEAB3CADF52}.Debug|x64.Build.0 = Debug|Any CPU
		{D9F36D30-9067-4D11-AFC8-0EEAB3CADF52}.Debug|x86.ActiveCfg = Debug|Any CPU
		{D9F36D30-9067-4D11-AFC8-0EEAB3CADF52}.Debug|x86.Build.0 = Debug|Any CPU
		{D9F36D30-9067-4D11-AFC8-0EEAB3CADF52}.Release|Any CPU.ActiveCfg = Release|Any CPU
		{D9F36D30-9067-4D11-AFC8-0EEAB3CADF52}.Release|Any CPU.Build.0 = Release|Any CPU
		{D9F36D30-9067-4D11-AFC8-0EEAB3CADF52}.Release|x64.ActiveCfg = Release|Any CPU
		{D9F36D30-9067-4D11-AFC8-0EEAB3CADF52}.Release|x64.Build.0 = Release|Any CPU
		{D9F36D30-9067-4D11-AFC8-0EEAB3CADF52}.Release|x86.ActiveCfg = Release|Any CPU
		{D9F36D30-9067-4D11-AFC8-0EEAB3CADF52}.Release|x86.Build.0 = Release|Any CPU
		{2042E8E1-E6A0-47A7-9A9A-495E88E8F452}.Debug|Any CPU.ActiveCfg = Debug|Any CPU
		{2042E8E1-E6A0-47A7-9A9A-495E88E8F452}.Debug|Any CPU.Build.0 = Debug|Any CPU
		{2042E8E1-E6A0-47A7-9A9A-495E88E8F452}.Debug|x64.ActiveCfg = Debug|Any CPU
		{2042E8E1-E6A0-47A7-9A9A-495E88E8F452}.Debug|x64.Build.0 = Debug|Any CPU
		{2042E8E1-E6A0-47A7-9A9A-495E88E8F452}.Debug|x86.ActiveCfg = Debug|Any CPU
		{2042E8E1-E6A0-47A7-9A9A-495E88E8F452}.Debug|x86.Build.0 = Debug|Any CPU
		{2042E8E1-E6A0-47A7-9A9A-495E88E8F452}.Release|Any CPU.ActiveCfg = Release|Any CPU
		{2042E8E1-E6A0-47A7-9A9A-495E88E8F452}.Release|Any CPU.Build.0 = Release|Any CPU
		{2042E8E1-E6A0-47A7-9A9A-495E88E8F452}.Release|x64.ActiveCfg = Release|Any CPU
		{2042E8E1-E6A0-47A7-9A9A-495E88E8F452}.Release|x64.Build.0 = Release|Any CPU
		{2042E8E1-E6A0-47A7-9A9A-495E88E8F452}.Release|x86.ActiveCfg = Release|Any CPU
		{2042E8E1-E6A0-47A7-9A9A-495E88E8F452}.Release|x86.Build.0 = Release|Any CPU
	EndGlobalSection
	GlobalSection(NestedProjects) = preSolution
		{D9F36D30-9067-4D11-AFC8-0EEAB3CADF52} = {715E9D19-3204-4DE6-BE17-FB3FA661A50D}
		{5F4573B6-3F7A-45D4-8883-A00B62D8FBCE} = {715E9D19-3204-4DE6-BE17-FB3FA661A50D}
		{03CF77DA-1EB9-4FCA-980F-89C73C9F9CD8} = {5F4573B6-3F7A-45D4-8883-A00B62D8FBCE}
		{2042E8E1-E6A0-47A7-9A9A-495E88E8F452} = {03CF77DA-1EB9-4FCA-980F-89C73C9F9CD8}
	EndGlobalSection
EndGlobal
