
Microsoft Visual Studio Solution File, Format Version 12.00
# Visual Studio Version 16
VisualStudioVersion = 16.6.30114.105
MinimumVisualStudioVersion = 10.0.40219.1
Project("{2150E333-8FDC-42A3-9474-1A3956D46DE8}") = "Fabulous", "Fabulous", "{4C99049B-646B-4953-A253-AEF10162796B}"
EndProject
Project("{6EC3EE1D-3C4E-46DD-8F32-0CC8E7565705}") = "Fabulous-net6", "Fabulous\src\Fabulous\Fabulous-net6.fsproj", "{276B5525-A98D-46C7-9060-684E1F316864}"
EndProject
Project("{6EC3EE1D-3C4E-46DD-8F32-0CC8E7565705}") = "Fabulous.Tests-net6", "Fabulous\tests\Fabulous.Tests\Fabulous.Tests-net6.fsproj", "{6F855E3E-17D9-4FF1-8C9B-C34D2323426E}"
EndProject
Project("{2150E333-8FDC-42A3-9474-1A3956D46DE8}") = "Fabulous.Maui", "Fabulous.Maui", "{B12BEEA5-D566-420E-B813-76A243A4AD6D}"
EndProject
Project("{6EC3EE1D-3C4E-46DD-8F32-0CC8E7565705}") = "Fabulous.Maui", "Fabulous.Maui\src\Fabulous.Maui\Fabulous.Maui.fsproj", "{E4C1565C-A3AB-45AD-BD78-D7079A7E9CD1}"
EndProject
Project("{2150E333-8FDC-42A3-9474-1A3956D46DE8}") = "samples", "samples", "{5E3B3CB0-C18D-406B-B120-2B40D1BB4CBD}"
EndProject
Project("{2150E333-8FDC-42A3-9474-1A3956D46DE8}") = "CounterApp", "CounterApp", "{8749B63C-72B9-4365-A44C-F08321ECBCF8}"
EndProject
Project("{9A19103F-16F7-4668-BE54-9A1E7A4F7556}") = "CounterApp", "Fabulous.Maui\samples\CounterApp\CounterApp\CounterApp.csproj", "{8A4FEAC6-CCBE-4AB1-AD23-CEB5F57FD4A3}"
EndProject
Project("{F2A71F9B-5D33-465A-A702-920D77279786}") = "CounterApp.Fabulous", "Fabulous.Maui\samples\CounterApp\CounterApp.Fabulous\CounterApp.Fabulous.fsproj", "{C0C2E695-0AA7-4CD7-8761-B6A7384B5456}"
EndProject
Global
	GlobalSection(SolutionConfigurationPlatforms) = preSolution
		Debug|Any CPU = Debug|Any CPU
		Debug|x64 = Debug|x64
		Debug|x86 = Debug|x86
		Release|Any CPU = Release|Any CPU
		Release|x64 = Release|x64
		Release|x86 = Release|x86
	EndGlobalSection
	GlobalSection(ProjectConfigurationPlatforms) = postSolution
		{276B5525-A98D-46C7-9060-684E1F316864}.Debug|Any CPU.ActiveCfg = Debug|Any CPU
		{276B5525-A98D-46C7-9060-684E1F316864}.Debug|Any CPU.Build.0 = Debug|Any CPU
		{276B5525-A98D-46C7-9060-684E1F316864}.Debug|x64.ActiveCfg = Debug|Any CPU
		{276B5525-A98D-46C7-9060-684E1F316864}.Debug|x64.Build.0 = Debug|Any CPU
		{276B5525-A98D-46C7-9060-684E1F316864}.Debug|x86.ActiveCfg = Debug|Any CPU
		{276B5525-A98D-46C7-9060-684E1F316864}.Debug|x86.Build.0 = Debug|Any CPU
		{276B5525-A98D-46C7-9060-684E1F316864}.Release|Any CPU.ActiveCfg = Release|Any CPU
		{276B5525-A98D-46C7-9060-684E1F316864}.Release|Any CPU.Build.0 = Release|Any CPU
		{276B5525-A98D-46C7-9060-684E1F316864}.Release|x64.ActiveCfg = Release|Any CPU
		{276B5525-A98D-46C7-9060-684E1F316864}.Release|x64.Build.0 = Release|Any CPU
		{276B5525-A98D-46C7-9060-684E1F316864}.Release|x86.ActiveCfg = Release|Any CPU
		{276B5525-A98D-46C7-9060-684E1F316864}.Release|x86.Build.0 = Release|Any CPU
		{6F855E3E-17D9-4FF1-8C9B-C34D2323426E}.Debug|Any CPU.ActiveCfg = Debug|Any CPU
		{6F855E3E-17D9-4FF1-8C9B-C34D2323426E}.Debug|Any CPU.Build.0 = Debug|Any CPU
		{6F855E3E-17D9-4FF1-8C9B-C34D2323426E}.Debug|x64.ActiveCfg = Debug|Any CPU
		{6F855E3E-17D9-4FF1-8C9B-C34D2323426E}.Debug|x64.Build.0 = Debug|Any CPU
		{6F855E3E-17D9-4FF1-8C9B-C34D2323426E}.Debug|x86.ActiveCfg = Debug|Any CPU
		{6F855E3E-17D9-4FF1-8C9B-C34D2323426E}.Debug|x86.Build.0 = Debug|Any CPU
		{6F855E3E-17D9-4FF1-8C9B-C34D2323426E}.Release|Any CPU.ActiveCfg = Release|Any CPU
		{6F855E3E-17D9-4FF1-8C9B-C34D2323426E}.Release|Any CPU.Build.0 = Release|Any CPU
		{6F855E3E-17D9-4FF1-8C9B-C34D2323426E}.Release|x64.ActiveCfg = Release|Any CPU
		{6F855E3E-17D9-4FF1-8C9B-C34D2323426E}.Release|x64.Build.0 = Release|Any CPU
		{6F855E3E-17D9-4FF1-8C9B-C34D2323426E}.Release|x86.ActiveCfg = Release|Any CPU
		{6F855E3E-17D9-4FF1-8C9B-C34D2323426E}.Release|x86.Build.0 = Release|Any CPU
		{E4C1565C-A3AB-45AD-BD78-D7079A7E9CD1}.Debug|Any CPU.ActiveCfg = Debug|Any CPU
		{E4C1565C-A3AB-45AD-BD78-D7079A7E9CD1}.Debug|Any CPU.Build.0 = Debug|Any CPU
		{E4C1565C-A3AB-45AD-BD78-D7079A7E9CD1}.Debug|x64.ActiveCfg = Debug|Any CPU
		{E4C1565C-A3AB-45AD-BD78-D7079A7E9CD1}.Debug|x64.Build.0 = Debug|Any CPU
		{E4C1565C-A3AB-45AD-BD78-D7079A7E9CD1}.Debug|x86.ActiveCfg = Debug|Any CPU
		{E4C1565C-A3AB-45AD-BD78-D7079A7E9CD1}.Debug|x86.Build.0 = Debug|Any CPU
		{E4C1565C-A3AB-45AD-BD78-D7079A7E9CD1}.Release|Any CPU.ActiveCfg = Release|Any CPU
		{E4C1565C-A3AB-45AD-BD78-D7079A7E9CD1}.Release|Any CPU.Build.0 = Release|Any CPU
		{E4C1565C-A3AB-45AD-BD78-D7079A7E9CD1}.Release|x64.ActiveCfg = Release|Any CPU
		{E4C1565C-A3AB-45AD-BD78-D7079A7E9CD1}.Release|x64.Build.0 = Release|Any CPU
		{E4C1565C-A3AB-45AD-BD78-D7079A7E9CD1}.Release|x86.ActiveCfg = Release|Any CPU
		{E4C1565C-A3AB-45AD-BD78-D7079A7E9CD1}.Release|x86.Build.0 = Release|Any CPU
		{8A4FEAC6-CCBE-4AB1-AD23-CEB5F57FD4A3}.Debug|Any CPU.ActiveCfg = Debug|Any CPU
		{8A4FEAC6-CCBE-4AB1-AD23-CEB5F57FD4A3}.Debug|Any CPU.Build.0 = Debug|Any CPU
		{8A4FEAC6-CCBE-4AB1-AD23-CEB5F57FD4A3}.Debug|Any CPU.Deploy.0 = Debug|Any CPU
		{8A4FEAC6-CCBE-4AB1-AD23-CEB5F57FD4A3}.Debug|x64.ActiveCfg = Debug|Any CPU
		{8A4FEAC6-CCBE-4AB1-AD23-CEB5F57FD4A3}.Debug|x64.Build.0 = Debug|Any CPU
		{8A4FEAC6-CCBE-4AB1-AD23-CEB5F57FD4A3}.Debug|x64.Deploy.0 = Debug|Any CPU
		{8A4FEAC6-CCBE-4AB1-AD23-CEB5F57FD4A3}.Debug|x86.ActiveCfg = Debug|Any CPU
		{8A4FEAC6-CCBE-4AB1-AD23-CEB5F57FD4A3}.Debug|x86.Build.0 = Debug|Any CPU
		{8A4FEAC6-CCBE-4AB1-AD23-CEB5F57FD4A3}.Debug|x86.Deploy.0 = Debug|Any CPU
		{8A4FEAC6-CCBE-4AB1-AD23-CEB5F57FD4A3}.Release|Any CPU.ActiveCfg = Release|Any CPU
		{8A4FEAC6-CCBE-4AB1-AD23-CEB5F57FD4A3}.Release|Any CPU.Build.0 = Release|Any CPU
		{8A4FEAC6-CCBE-4AB1-AD23-CEB5F57FD4A3}.Release|Any CPU.Deploy.0 = Release|Any CPU
		{8A4FEAC6-CCBE-4AB1-AD23-CEB5F57FD4A3}.Release|x64.ActiveCfg = Release|Any CPU
		{8A4FEAC6-CCBE-4AB1-AD23-CEB5F57FD4A3}.Release|x64.Build.0 = Release|Any CPU
		{8A4FEAC6-CCBE-4AB1-AD23-CEB5F57FD4A3}.Release|x64.Deploy.0 = Release|Any CPU
		{8A4FEAC6-CCBE-4AB1-AD23-CEB5F57FD4A3}.Release|x86.ActiveCfg = Release|Any CPU
		{8A4FEAC6-CCBE-4AB1-AD23-CEB5F57FD4A3}.Release|x86.Build.0 = Release|Any CPU
		{8A4FEAC6-CCBE-4AB1-AD23-CEB5F57FD4A3}.Release|x86.Deploy.0 = Release|Any CPU
		{C0C2E695-0AA7-4CD7-8761-B6A7384B5456}.Debug|Any CPU.ActiveCfg = Debug|Any CPU
		{C0C2E695-0AA7-4CD7-8761-B6A7384B5456}.Debug|Any CPU.Build.0 = Debug|Any CPU
		{C0C2E695-0AA7-4CD7-8761-B6A7384B5456}.Debug|x64.ActiveCfg = Debug|Any CPU
		{C0C2E695-0AA7-4CD7-8761-B6A7384B5456}.Debug|x64.Build.0 = Debug|Any CPU
		{C0C2E695-0AA7-4CD7-8761-B6A7384B5456}.Debug|x86.ActiveCfg = Debug|Any CPU
		{C0C2E695-0AA7-4CD7-8761-B6A7384B5456}.Debug|x86.Build.0 = Debug|Any CPU
		{C0C2E695-0AA7-4CD7-8761-B6A7384B5456}.Release|Any CPU.ActiveCfg = Release|Any CPU
		{C0C2E695-0AA7-4CD7-8761-B6A7384B5456}.Release|Any CPU.Build.0 = Release|Any CPU
		{C0C2E695-0AA7-4CD7-8761-B6A7384B5456}.Release|x64.ActiveCfg = Release|Any CPU
		{C0C2E695-0AA7-4CD7-8761-B6A7384B5456}.Release|x64.Build.0 = Release|Any CPU
		{C0C2E695-0AA7-4CD7-8761-B6A7384B5456}.Release|x86.ActiveCfg = Release|Any CPU
		{C0C2E695-0AA7-4CD7-8761-B6A7384B5456}.Release|x86.Build.0 = Release|Any CPU
	EndGlobalSection
	GlobalSection(SolutionProperties) = preSolution
		HideSolutionNode = FALSE
	EndGlobalSection
	GlobalSection(NestedProjects) = preSolution
		{276B5525-A98D-46C7-9060-684E1F316864} = {4C99049B-646B-4953-A253-AEF10162796B}
		{6F855E3E-17D9-4FF1-8C9B-C34D2323426E} = {4C99049B-646B-4953-A253-AEF10162796B}
		{E4C1565C-A3AB-45AD-BD78-D7079A7E9CD1} = {B12BEEA5-D566-420E-B813-76A243A4AD6D}
		{5E3B3CB0-C18D-406B-B120-2B40D1BB4CBD} = {B12BEEA5-D566-420E-B813-76A243A4AD6D}
		{8749B63C-72B9-4365-A44C-F08321ECBCF8} = {5E3B3CB0-C18D-406B-B120-2B40D1BB4CBD}
		{8A4FEAC6-CCBE-4AB1-AD23-CEB5F57FD4A3} = {8749B63C-72B9-4365-A44C-F08321ECBCF8}
		{C0C2E695-0AA7-4CD7-8761-B6A7384B5456} = {8749B63C-72B9-4365-A44C-F08321ECBCF8}
	EndGlobalSection
	GlobalSection(ExtensibilityGlobals) = postSolution
		SolutionGuid = {7FB3AAB9-56EC-4148-988E-732242E4D13D}
	EndGlobalSection
EndGlobal
